// !$*UTF8*$!
{
	archiveVersion = 1;
	classes = {
	};
	objectVersion = 46;
	objects = {

/* Begin PBXBuildFile section */
		7A6B50291C94395D00E6780D /* main.m in Sources */ = {isa = PBXBuildFile; fileRef = 7A6B50281C94395D00E6780D /* main.m */; };
		7A6B502C1C94395D00E6780D /* AppDelegate.m in Sources */ = {isa = PBXBuildFile; fileRef = 7A6B502B1C94395D00E6780D /* AppDelegate.m */; };
		7A6B502F1C94395D00E6780D /* ViewController.m in Sources */ = {isa = PBXBuildFile; fileRef = 7A6B502E1C94395D00E6780D /* ViewController.m */; };
		7A6B50321C94395D00E6780D /* Main.storyboard in Resources */ = {isa = PBXBuildFile; fileRef = 7A6B50301C94395D00E6780D /* Main.storyboard */; };
		7A6B50341C94395D00E6780D /* Assets.xcassets in Resources */ = {isa = PBXBuildFile; fileRef = 7A6B50331C94395D00E6780D /* Assets.xcassets */; };
		7A6B50371C94395D00E6780D /* LaunchScreen.storyboard in Resources */ = {isa = PBXBuildFile; fileRef = 7A6B50351C94395D00E6780D /* LaunchScreen.storyboard */; };
		7A6B50421C94395D00E6780D /* zhimaDemoTests.m in Sources */ = {isa = PBXBuildFile; fileRef = 7A6B50411C94395D00E6780D /* zhimaDemoTests.m */; };
		7A6B504D1C94395D00E6780D /* zhimaDemoUITests.m in Sources */ = {isa = PBXBuildFile; fileRef = 7A6B504C1C94395D00E6780D /* zhimaDemoUITests.m */; };
		7A6B505C1C94397300E6780D /* ProgressView.m in Sources */ = {isa = PBXBuildFile; fileRef = 7A6B505B1C94397300E6780D /* ProgressView.m */; };
		7A6B505E1C943CFD00E6780D /* backgroundImage@2x.png in Resources */ = {isa = PBXBuildFile; fileRef = 7A6B505D1C943CFD00E6780D /* backgroundImage@2x.png */; };
/* End PBXBuildFile section */

/* Begin PBXContainerItemProxy section */
		7A6B503E1C94395D00E6780D /* PBXContainerItemProxy */ = {
			isa = PBXContainerItemProxy;
			containerPortal = 7A6B501C1C94395D00E6780D /* Project object */;
			proxyType = 1;
			remoteGlobalIDString = 7A6B50231C94395D00E6780D;
			remoteInfo = zhimaDemo;
		};
		7A6B50491C94395D00E6780D /* PBXContainerItemProxy */ = {
			isa = PBXContainerItemProxy;
			containerPortal = 7A6B501C1C94395D00E6780D /* Project object */;
			proxyType = 1;
			remoteGlobalIDString = 7A6B50231C94395D00E6780D;
			remoteInfo = zhimaDemo;
		};
/* End PBXContainerItemProxy section */

/* Begin PBXFileReference section */
		7A6B50241C94395D00E6780D /* zhimaDemo.app */ = {isa = PBXFileReference; explicitFileType = wrapper.application; includeInIndex = 0; path = zhimaDemo.app; sourceTree = BUILT_PRODUCTS_DIR; };
		7A6B50281C94395D00E6780D /* main.m */ = {isa = PBXFileReference; lastKnownFileType = sourcecode.c.objc; path = main.m; sourceTree = "<group>"; };
		7A6B502A1C94395D00E6780D /* AppDelegate.h */ = {isa = PBXFileReference; lastKnownFileType = sourcecode.c.h; path = AppDelegate.h; sourceTree = "<group>"; };
		7A6B502B1C94395D00E6780D /* AppDelegate.m */ = {isa = PBXFileReference; lastKnownFileType = sourcecode.c.objc; path = AppDelegate.m; sourceTree = "<group>"; };
		7A6B502D1C94395D00E6780D /* ViewController.h */ = {isa = PBXFileReference; lastKnownFileType = sourcecode.c.h; path = ViewController.h; sourceTree = "<group>"; };
		7A6B502E1C94395D00E6780D /* ViewController.m */ = {isa = PBXFileReference; lastKnownFileType = sourcecode.c.objc; path = ViewController.m; sourceTree = "<group>"; };
		7A6B50311C94395D00E6780D /* Base */ = {isa = PBXFileReference; lastKnownFileType = file.storyboard; name = Base; path = Base.lproj/Main.storyboard; sourceTree = "<group>"; };
		7A6B50331C94395D00E6780D /* Assets.xcassets */ = {isa = PBXFileReference; lastKnownFileType = folder.assetcatalog; path = Assets.xcassets; sourceTree = "<group>"; };
		7A6B50361C94395D00E6780D /* Base */ = {isa = PBXFileReference; lastKnownFileType = file.storyboard; name = Base; path = Base.lproj/LaunchScreen.storyboard; sourceTree = "<group>"; };
		7A6B50381C94395D00E6780D /* Info.plist */ = {isa = PBXFileReference; lastKnownFileType = text.plist.xml; path = Info.plist; sourceTree = "<group>"; };
		7A6B503D1C94395D00E6780D /* zhimaDemoTests.xctest */ = {isa = PBXFileReference; explicitFileType = wrapper.cfbundle; includeInIndex = 0; path = zhimaDemoTests.xctest; sourceTree = BUILT_PRODUCTS_DIR; };
		7A6B50411C94395D00E6780D /* zhimaDemoTests.m */ = {isa = PBXFileReference; lastKnownFileType = sourcecode.c.objc; path = zhimaDemoTests.m; sourceTree = "<group>"; };
		7A6B50431C94395D00E6780D /* Info.plist */ = {isa = PBXFileReference; lastKnownFileType = text.plist.xml; path = Info.plist; sourceTree = "<group>"; };
		7A6B50481C94395D00E6780D /* zhimaDemoUITests.xctest */ = {isa = PBXFileReference; explicitFileType = wrapper.cfbundle; includeInIndex = 0; path = zhimaDemoUITests.xctest; sourceTree = BUILT_PRODUCTS_DIR; };
		7A6B504C1C94395D00E6780D /* zhimaDemoUITests.m */ = {isa = PBXFileReference; lastKnownFileType = sourcecode.c.objc; path = zhimaDemoUITests.m; sourceTree = "<group>"; };
		7A6B504E1C94395D00E6780D /* Info.plist */ = {isa = PBXFileReference; lastKnownFileType = text.plist.xml; path = Info.plist; sourceTree = "<group>"; };
		7A6B505A1C94397300E6780D /* ProgressView.h */ = {isa = PBXFileReference; fileEncoding = 4; lastKnownFileType = sourcecode.c.h; path = ProgressView.h; sourceTree = "<group>"; };
		7A6B505B1C94397300E6780D /* ProgressView.m */ = {isa = PBXFileReference; fileEncoding = 4; lastKnownFileType = sourcecode.c.objc; path = ProgressView.m; sourceTree = "<group>"; };
		7A6B505D1C943CFD00E6780D /* backgroundImage@2x.png */ = {isa = PBXFileReference; lastKnownFileType = image.png; path = "backgroundImage@2x.png"; sourceTree = "<group>"; };
/* End PBXFileReference section */

/* Begin PBXFrameworksBuildPhase section */
		7A6B50211C94395D00E6780D /* Frameworks */ = {
			isa = PBXFrameworksBuildPhase;
			buildActionMask = 2147483647;
			files = (
			);
			runOnlyForDeploymentPostprocessing = 0;
		};
		7A6B503A1C94395D00E6780D /* Frameworks */ = {
			isa = PBXFrameworksBuildPhase;
			buildActionMask = 2147483647;
			files = (
			);
			runOnlyForDeploymentPostprocessing = 0;
		};
		7A6B50451C94395D00E6780D /* Frameworks */ = {
			isa = PBXFrameworksBuildPhase;
			buildActionMask = 2147483647;
			files = (
			);
			runOnlyForDeploymentPostprocessing = 0;
		};
/* End PBXFrameworksBuildPhase section */

/* Begin PBXGroup section */
		7A6B501B1C94395D00E6780D = {
			isa = PBXGroup;
			children = (
				7A6B50261C94395D00E6780D /* zhimaDemo */,
				7A6B50401C94395D00E6780D /* zhimaDemoTests */,
				7A6B504B1C94395D00E6780D /* zhimaDemoUITests */,
				7A6B50251C94395D00E6780D /* Products */,
			);
			sourceTree = "<group>";
		};
		7A6B50251C94395D00E6780D /* Products */ = {
			isa = PBXGroup;
			children = (
				7A6B50241C94395D00E6780D /* zhimaDemo.app */,
				7A6B503D1C94395D00E6780D /* zhimaDemoTests.xctest */,
				7A6B50481C94395D00E6780D /* zhimaDemoUITests.xctest */,
			);
			name = Products;
			sourceTree = "<group>";
		};
		7A6B50261C94395D00E6780D /* zhimaDemo */ = {
			isa = PBXGroup;
			children = (
				7A6B502A1C94395D00E6780D /* AppDelegate.h */,
				7A6B502B1C94395D00E6780D /* AppDelegate.m */,
				7A6B502D1C94395D00E6780D /* ViewController.h */,
				7A6B502E1C94395D00E6780D /* ViewController.m */,
				7A6B505A1C94397300E6780D /* ProgressView.h */,
				7A6B505B1C94397300E6780D /* ProgressView.m */,
				7A6B50301C94395D00E6780D /* Main.storyboard */,
				7A6B50331C94395D00E6780D /* Assets.xcassets */,
				7A6B505D1C943CFD00E6780D /* backgroundImage@2x.png */,
				7A6B50351C94395D00E6780D /* LaunchScreen.storyboard */,
				7A6B50381C94395D00E6780D /* Info.plist */,
				7A6B50271C94395D00E6780D /* Supporting Files */,
			);
			path = zhimaDemo;
			sourceTree = "<group>";
		};
		7A6B50271C94395D00E6780D /* Supporting Files */ = {
			isa = PBXGroup;
			children = (
				7A6B50281C94395D00E6780D /* main.m */,
			);
			name = "Supporting Files";
			sourceTree = "<group>";
		};
		7A6B50401C94395D00E6780D /* zhimaDemoTests */ = {
			isa = PBXGroup;
			children = (
				7A6B50411C94395D00E6780D /* zhimaDemoTests.m */,
				7A6B50431C94395D00E6780D /* Info.plist */,
			);
			path = zhimaDemoTests;
			sourceTree = "<group>";
		};
		7A6B504B1C94395D00E6780D /* zhimaDemoUITests */ = {
			isa = PBXGroup;
			children = (
				7A6B504C1C94395D00E6780D /* zhimaDemoUITests.m */,
				7A6B504E1C94395D00E6780D /* Info.plist */,
			);
			path = zhimaDemoUITests;
			sourceTree = "<group>";
		};
/* End PBXGroup section */

/* Begin PBXNativeTarget section */
		7A6B50231C94395D00E6780D /* zhimaDemo */ = {
			isa = PBXNativeTarget;
			buildConfigurationList = 7A6B50511C94395D00E6780D /* Build configuration list for PBXNativeTarget "zhimaDemo" */;
			buildPhases = (
				7A6B50201C94395D00E6780D /* Sources */,
				7A6B50211C94395D00E6780D /* Frameworks */,
				7A6B50221C94395D00E6780D /* Resources */,
			);
			buildRules = (
			);
			dependencies = (
			);
			name = zhimaDemo;
			productName = zhimaDemo;
			productReference = 7A6B50241C94395D00E6780D /* zhimaDemo.app */;
			productType = "com.apple.product-type.application";
		};
		7A6B503C1C94395D00E6780D /* zhimaDemoTests */ = {
			isa = PBXNativeTarget;
			buildConfigurationList = 7A6B50541C94395D00E6780D /* Build configuration list for PBXNativeTarget "zhimaDemoTests" */;
			buildPhases = (
				7A6B50391C94395D00E6780D /* Sources */,
				7A6B503A1C94395D00E6780D /* Frameworks */,
				7A6B503B1C94395D00E6780D /* Resources */,
			);
			buildRules = (
			);
			dependencies = (
				7A6B503F1C94395D00E6780D /* PBXTargetDependency */,
			);
			name = zhimaDemoTests;
			productName = zhimaDemoTests;
			productReference = 7A6B503D1C94395D00E6780D /* zhimaDemoTests.xctest */;
			productType = "com.apple.product-type.bundle.unit-test";
		};
		7A6B50471C94395D00E6780D /* zhimaDemoUITests */ = {
			isa = PBXNativeTarget;
			buildConfigurationList = 7A6B50571C94395D00E6780D /* Build configuration list for PBXNativeTarget "zhimaDemoUITests" */;
			buildPhases = (
				7A6B50441C94395D00E6780D /* Sources */,
				7A6B50451C94395D00E6780D /* Frameworks */,
				7A6B50461C94395D00E6780D /* Resources */,
			);
			buildRules = (
			);
			dependencies = (
				7A6B504A1C94395D00E6780D /* PBXTargetDependency */,
			);
			name = zhimaDemoUITests;
			productName = zhimaDemoUITests;
			productReference = 7A6B50481C94395D00E6780D /* zhimaDemoUITests.xctest */;
			productType = "com.apple.product-type.bundle.ui-testing";
		};
/* End PBXNativeTarget section */

/* Begin PBXProject section */
		7A6B501C1C94395D00E6780D /* Project object */ = {
			isa = PBXProject;
			attributes = {
				LastUpgradeCheck = 0720;
				ORGANIZATIONNAME = fengzhi;
				TargetAttributes = {
					7A6B50231C94395D00E6780D = {
						CreatedOnToolsVersion = 7.2.1;
						DevelopmentTeam = 8HEYH4N92J;
					};
					7A6B503C1C94395D00E6780D = {
						CreatedOnToolsVersion = 7.2.1;
						DevelopmentTeam = 8HEYH4N92J;
						TestTargetID = 7A6B50231C94395D00E6780D;
					};
					7A6B50471C94395D00E6780D = {
						CreatedOnToolsVersion = 7.2.1;
						DevelopmentTeam = 8HEYH4N92J;
						TestTargetID = 7A6B50231C94395D00E6780D;
					};
				};
			};
			buildConfigurationList = 7A6B501F1C94395D00E6780D /* Build configuration list for PBXProject "zhimaDemo" */;
			compatibilityVersion = "Xcode 3.2";
			developmentRegion = English;
			hasScannedForEncodings = 0;
			knownRegions = (
				en,
				Base,
			);
			mainGroup = 7A6B501B1C94395D00E6780D;
			productRefGroup = 7A6B50251C94395D00E6780D /* Products */;
			projectDirPath = "";
			projectRoot = "";
			targets = (
				7A6B50231C94395D00E6780D /* zhimaDemo */,
				7A6B503C1C94395D00E6780D /* zhimaDemoTests */,
				7A6B50471C94395D00E6780D /* zhimaDemoUITests */,
			);
		};
/* End PBXProject section */

/* Begin PBXResourcesBuildPhase section */
		7A6B50221C94395D00E6780D /* Resources */ = {
			isa = PBXResourcesBuildPhase;
			buildActionMask = 2147483647;
			files = (
				7A6B50371C94395D00E6780D /* LaunchScreen.storyboard in Resources */,
				7A6B50341C94395D00E6780D /* Assets.xcassets in Resources */,
				7A6B505E1C943CFD00E6780D /* backgroundImage@2x.png in Resources */,
				7A6B50321C94395D00E6780D /* Main.storyboard in Resources */,
			);
			runOnlyForDeploymentPostprocessing = 0;
		};
		7A6B503B1C94395D00E6780D /* Resources */ = {
			isa = PBXResourcesBuildPhase;
			buildActionMask = 2147483647;
			files = (
			);
			runOnlyForDeploymentPostprocessing = 0;
		};
		7A6B50461C94395D00E6780D /* Resources */ = {
			isa = PBXResourcesBuildPhase;
			buildActionMask = 2147483647;
			files = (
			);
			runOnlyForDeploymentPostprocessing = 0;
		};
/* End PBXResourcesBuildPhase section */

/* Begin PBXSourcesBuildPhase section */
		7A6B50201C94395D00E6780D /* Sources */ = {
			isa = PBXSourcesBuildPhase;
			buildActionMask = 2147483647;
			files = (
				7A6B502F1C94395D00E6780D /* ViewController.m in Sources */,
				7A6B505C1C94397300E6780D /* ProgressView.m in Sources */,
				7A6B502C1C94395D00E6780D /* AppDelegate.m in Sources */,
				7A6B50291C94395D00E6780D /* main.m in Sources */,
			);
			runOnlyForDeploymentPostprocessing = 0;
		};
		7A6B50391C94395D00E6780D /* Sources */ = {
			isa = PBXSourcesBuildPhase;
			buildActionMask = 2147483647;
			files = (
				7A6B50421C94395D00E6780D /* zhimaDemoTests.m in Sources */,
			);
			runOnlyForDeploymentPostprocessing = 0;
		};
		7A6B50441C94395D00E6780D /* Sources */ = {
			isa = PBXSourcesBuildPhase;
			buildActionMask = 2147483647;
			files = (
				7A6B504D1C94395D00E6780D /* zhimaDemoUITests.m in Sources */,
			);
			runOnlyForDeploymentPostprocessing = 0;
		};
/* End PBXSourcesBuildPhase section */

/* Begin PBXTargetDependency section */
		7A6B503F1C94395D00E6780D /* PBXTargetDependency */ = {
			isa = PBXTargetDependency;
			target = 7A6B50231C94395D00E6780D /* zhimaDemo */;
			targetProxy = 7A6B503E1C94395D00E6780D /* PBXContainerItemProxy */;
		};
		7A6B504A1C94395D00E6780D /* PBXTargetDependency */ = {
			isa = PBXTargetDependency;
			target = 7A6B50231C94395D00E6780D /* zhimaDemo */;
			targetProxy = 7A6B50491C94395D00E6780D /* PBXContainerItemProxy */;
		};
/* End PBXTargetDependency section */

/* Begin PBXVariantGroup section */
		7A6B50301C94395D00E6780D /* Main.storyboard */ = {
			isa = PBXVariantGroup;
			children = (
				7A6B50311C94395D00E6780D /* Base */,
			);
			name = Main.storyboard;
			sourceTree = "<group>";
		};
		7A6B50351C94395D00E6780D /* LaunchScreen.storyboard */ = {
			isa = PBXVariantGroup;
			children = (
				7A6B50361C94395D00E6780D /* Base */,
			);
			name = LaunchScreen.storyboard;
			sourceTree = "<group>";
		};
/* End PBXVariantGroup section */

/* Begin XCBuildConfiguration section */
		7A6B504F1C94395D00E6780D /* Debug */ = {
			isa = XCBuildConfiguration;
			buildSettings = {
				ALWAYS_SEARCH_USER_PATHS = NO;
				CLANG_CXX_LANGUAGE_STANDARD = "gnu++0x";
				CLANG_CXX_LIBRARY = "libc++";
				CLANG_ENABLE_MODULES = YES;
				CLANG_ENABLE_OBJC_ARC = YES;
				CLANG_WARN_BOOL_CONVERSION = YES;
				CLANG_WARN_CONSTANT_CONVERSION = YES;
				CLANG_WARN_DIRECT_OBJC_ISA_USAGE = YES_ERROR;
				CLANG_WARN_EMPTY_BODY = YES;
				CLANG_WARN_ENUM_CONVERSION = YES;
				CLANG_WARN_INT_CONVERSION = YES;
				CLANG_WARN_OBJC_ROOT_CLASS = YES_ERROR;
				CLANG_WARN_UNREACHABLE_CODE = YES;
				CLANG_WARN__DUPLICATE_METHOD_MATCH = YES;
				"CODE_SIGN_IDENTITY[sdk=iphoneos*]" = "iPhone Developer";
				COPY_PHASE_STRIP = NO;
				DEBUG_INFORMATION_FORMAT = dwarf;
				ENABLE_STRICT_OBJC_MSGSEND = YES;
				ENABLE_TESTABILITY = YES;
				GCC_C_LANGUAGE_STANDARD = gnu99;
				GCC_DYNAMIC_NO_PIC = NO;
				GCC_NO_COMMON_BLOCKS = YES;
				GCC_OPTIMIZATION_LEVEL = 0;
				GCC_PREPROCESSOR_DEFINITIONS = (
					"DEBUG=1",
					"$(inherited)",
				);
				GCC_WARN_64_TO_32_BIT_CONVERSION = YES;
				GCC_WARN_ABOUT_RETURN_TYPE = YES_ERROR;
				GCC_WARN_UNDECLARED_SELECTOR = YES;
				GCC_WARN_UNINITIALIZED_AUTOS = YES_AGGRESSIVE;
				GCC_WARN_UNUSED_FUNCTION = YES;
				GCC_WARN_UNUSED_VARIABLE = YES;
				IPHONEOS_DEPLOYMENT_TARGET = 9.2;
				MTL_ENABLE_DEBUG_INFO = YES;
				ONLY_ACTIVE_ARCH = YES;
				SDKROOT = iphoneos;
			};
			name = Debug;
		};
		7A6B50501C94395D00E6780D /* Release */ = {
			isa = XCBuildConfiguration;
			buildSettings = {
				ALWAYS_SEARCH_USER_PATHS = NO;
				CLANG_CXX_LANGUAGE_STANDARD = "gnu++0x";
				CLANG_CXX_LIBRARY = "libc++";
				CLANG_ENABLE_MODULES = YES;
				CLANG_ENABLE_OBJC_ARC = YES;
				CLANG_WARN_BOOL_CONVERSION = YES;
				CLANG_WARN_CONSTANT_CONVERSION = YES;
				CLANG_WARN_DIRECT_OBJC_ISA_USAGE = YES_ERROR;
				CLANG_WARN_EMPTY_BODY = YES;
				CLANG_WARN_ENUM_CONVERSION = YES;
				CLANG_WARN_INT_CONVERSION = YES;
				CLANG_WARN_OBJC_ROOT_CLASS = YES_ERROR;
				CLANG_WARN_UNREACHABLE_CODE = YES;
				CLANG_WARN__DUPLICATE_METHOD_MATCH = YES;
				"CODE_SIGN_IDENTITY[sdk=iphoneos*]" = "iPhone Developer";
				COPY_PHASE_STRIP = NO;
				DEBUG_INFORMATION_FORMAT = "dwarf-with-dsym";
				ENABLE_NS_ASSERTIONS = NO;
				ENABLE_STRICT_OBJC_MSGSEND = YES;
				GCC_C_LANGUAGE_STANDARD = gnu99;
				GCC_NO_COMMON_BLOCKS = YES;
				GCC_WARN_64_TO_32_BIT_CONVERSION = YES;
				GCC_WARN_ABOUT_RETURN_TYPE = YES_ERROR;
				GCC_WARN_UNDECLARED_SELECTOR = YES;
				GCC_WARN_UNINITIALIZED_AUTOS = YES_AGGRESSIVE;
				GCC_WARN_UNUSED_FUNCTION = YES;
				GCC_WARN_UNUSED_VARIABLE = YES;
				IPHONEOS_DEPLOYMENT_TARGET = 9.2;
				MTL_ENABLE_DEBUG_INFO = NO;
				SDKROOT = iphoneos;
				VALIDATE_PRODUCT = YES;
			};
			name = Release;
		};
		7A6B50521C94395D00E6780D /* Debug */ = {
			isa = XCBuildConfiguration;
			buildSettings = {
				ASSETCATALOG_COMPILER_APPICON_NAME = AppIcon;
				INFOPLIST_FILE = zhimaDemo/Info.plist;
				LD_RUNPATH_SEARCH_PATHS = "$(inherited) @executable_path/Frameworks";
				PRODUCT_BUNDLE_IDENTIFIER = fengzhi.zhimaDemo;
				PRODUCT_NAME = "$(TARGET_NAME)";
			};
			name = Debug;
		};
		7A6B50531C94395D00E6780D /* Release */ = {
			isa = XCBuildConfiguration;
			buildSettings = {
				ASSETCATALOG_COMPILER_APPICON_NAME = AppIcon;
				INFOPLIST_FILE = zhimaDemo/Info.plist;
				LD_RUNPATH_SEARCH_PATHS = "$(inherited) @executable_path/Frameworks";
				PRODUCT_BUNDLE_IDENTIFIER = fengzhi.zhimaDemo;
				PRODUCT_NAME = "$(TARGET_NAME)";
			};
			name = Release;
		};
		7A6B50551C94395D00E6780D /* Debug */ = {
			isa = XCBuildConfiguration;
			buildSettings = {
				BUNDLE_LOADER = "$(TEST_HOST)";
				INFOPLIST_FILE = zhimaDemoTests/Info.plist;
				LD_RUNPATH_SEARCH_PATHS = "$(inherited) @executable_path/Frameworks @loader_path/Frameworks";
				PRODUCT_BUNDLE_IDENTIFIER = fengzhi.zhimaDemoTests;
				PRODUCT_NAME = "$(TARGET_NAME)";
				TEST_HOST = "$(BUILT_PRODUCTS_DIR)/zhimaDemo.app/zhimaDemo";
			};
			name = Debug;
		};
		7A6B50561C94395D00E6780D /* Release */ = {
			isa = XCBuildConfiguration;
			buildSettings = {
				BUNDLE_LOADER = "$(TEST_HOST)";
				INFOPLIST_FILE = zhimaDemoTests/Info.plist;
				LD_RUNPATH_SEARCH_PATHS = "$(inherited) @executable_path/Frameworks @loader_path/Frameworks";
				PRODUCT_BUNDLE_IDENTIFIER = fengzhi.zhimaDemoTests;
				PRODUCT_NAME = "$(TARGET_NAME)";
				TEST_HOST = "$(BUILT_PRODUCTS_DIR)/zhimaDemo.app/zhimaDemo";
			};
			name = Release;
		};
		7A6B50581C94395D00E6780D /* Debug */ = {
			isa = XCBuildConfiguration;
			buildSettings = {
				INFOPLIST_FILE = zhimaDemoUITests/Info.plist;
				LD_RUNPATH_SEARCH_PATHS = "$(inherited) @executable_path/Frameworks @loader_path/Frameworks";
				PRODUCT_BUNDLE_IDENTIFIER = fengzhi.zhimaDemoUITests;
				PRODUCT_NAME = "$(TARGET_NAME)";
				TEST_TARGET_NAME = zhimaDemo;
				USES_XCTRUNNER = YES;
			};
			name = Debug;
		};
		7A6B50591C94395D00E6780D /* Release */ = {
			isa = XCBuildConfiguration;
			buildSettings = {
				INFOPLIST_FILE = zhimaDemoUITests/Info.plist;
				LD_RUNPATH_SEARCH_PATHS = "$(inherited) @executable_path/Frameworks @loader_path/Frameworks";
				PRODUCT_BUNDLE_IDENTIFIER = fengzhi.zhimaDemoUITests;
				PRODUCT_NAME = "$(TARGET_NAME)";
				TEST_TARGET_NAME = zhimaDemo;
				USES_XCTRUNNER = YES;
			};
			name = Release;
		};
/* End XCBuildConfiguration section */

/* Begin XCConfigurationList section */
		7A6B501F1C94395D00E6780D /* Build configuration list for PBXProject "zhimaDemo" */ = {
			isa = XCConfigurationList;
			buildConfigurations = (
				7A6B504F1C94395D00E6780D /* Debug */,
				7A6B50501C94395D00E6780D /* Release */,
			);
			defaultConfigurationIsVisible = 0;
			defaultConfigurationName = Release;
		};
		7A6B50511C94395D00E6780D /* Build configuration list for PBXNativeTarget "zhimaDemo" */ = {
			isa = XCConfigurationList;
			buildConfigurations = (
				7A6B50521C94395D00E6780D /* Debug */,
				7A6B50531C94395D00E6780D /* Release */,
			);
			defaultConfigurationIsVisible = 0;
		};
		7A6B50541C94395D00E6780D /* Build configuration list for PBXNativeTarget "zhimaDemoTests" */ = {
			isa = XCConfigurationList;
			buildConfigurations = (
				7A6B50551C94395D00E6780D /* Debug */,
				7A6B50561C94395D00E6780D /* Release */,
			);
			defaultConfigurationIsVisible = 0;
		};
		7A6B50571C94395D00E6780D /* Build configuration list for PBXNativeTarget "zhimaDemoUITests" */ = {
			isa = XCConfigurationList;
			buildConfigurations = (
				7A6B50581C94395D00E6780D /* Debug */,
				7A6B50591C94395D00E6780D /* Release */,
			);
			defaultConfigurationIsVisible = 0;
		};
/* End XCConfigurationList section */
	};
	rootObject = 7A6B501C1C94395D00E6780D /* Project object */;
}
